
Microsoft Visual Studio Solution File, Format Version 12.00
# Visual Studio Version 16
VisualStudioVersion = 16.0.31313.79
MinimumVisualStudioVersion = 10.0.40219.1
Project("{FAE04EC0-301F-11D3-BF4B-00C04F79EFBC}") = "NationalityPredictor", "NationalityPredictor\NationalityPredictor.csproj", "{7166E202-D139-4C58-B98C-8E9634B45CF6}"
EndProject
Global
	GlobalSection(SolutionConfigurationPlatforms) = preSolution
		Debug|Any CPU = Debug|Any CPU
		Release|Any CPU = Release|Any CPU
	EndGlobalSection
	GlobalSection(ProjectConfigurationPlatforms) = postSolution
		{7166E202-D139-4C58-B98C-8E9634B45CF6}.Debug|Any CPU.ActiveCfg = Debug|Any CPU
		{7166E202-D139-4C58-B98C-8E9634B45CF6}.Debug|Any CPU.Build.0 = Debug|Any CPU
		{7166E202-D139-4C58-B98C-8E9634B45CF6}.Release|Any CPU.ActiveCfg = Release|Any CPU
		{7166E202-D139-4C58-B98C-8E9634B45CF6}.Release|Any CPU.Build.0 = Release|Any CPU
	EndGlobalSection
	GlobalSection(SolutionProperties) = preSolution
		HideSolutionNode = FALSE
	EndGlobalSection
	GlobalSection(ExtensibilityGlobals) = postSolution
		SolutionGuid = {F28E531D-10E1-48CF-825B-92D2C817DAF5}
	EndGlobalSection
EndGlobal
